// !$*UTF8*$!
{
	archiveVersion = 1;
	classes = {
	};
	objectVersion = 46;
	objects = {

/* Begin PBXBuildFile section */
		04AA8E6315600B8800B5E956 /* UserInfoTableViewCell.m in Sources */ = {isa = PBXBuildFile; fileRef = 04AA8E6215600B8800B5E956 /* UserInfoTableViewCell.m */; };
		04AA8E671560122F00B5E956 /* login-facebook-btn.btn in Resources */ = {isa = PBXBuildFile; fileRef = 04AA8E651560122F00B5E956 /* login-facebook-btn.btn */; };
		04AA8E681560122F00B5E956 /* login-twitter-btn.png in Resources */ = {isa = PBXBuildFile; fileRef = 04AA8E661560122F00B5E956 /* login-twitter-btn.png */; };
		04AA8E8A1560336300B5E956 /* libz.dylib in Frameworks */ = {isa = PBXBuildFile; fileRef = 04AA8E891560336300B5E956 /* libz.dylib */; };
		04AA8EEB156049ED00B5E956 /* SystemConfiguration.framework in Frameworks */ = {isa = PBXBuildFile; fileRef = 04AA8EEA156049ED00B5E956 /* SystemConfiguration.framework */; };
		04B43BE71560364E00F61E6A /* ExplorerViewController.m in Sources */ = {isa = PBXBuildFile; fileRef = 04B43BD21560364E00F61E6A /* ExplorerViewController.m */; };
		04B43BE81560364E00F61E6A /* ExplorerViewController.xib in Resources */ = {isa = PBXBuildFile; fileRef = 04B43BD31560364E00F61E6A /* ExplorerViewController.xib */; };
		04B43BE91560364E00F61E6A /* FollowingViewController.m in Sources */ = {isa = PBXBuildFile; fileRef = 04B43BD61560364E00F61E6A /* FollowingViewController.m */; };
		04B43BEA1560364E00F61E6A /* FollowingViewController.xib in Resources */ = {isa = PBXBuildFile; fileRef = 04B43BD71560364E00F61E6A /* FollowingViewController.xib */; };
		04B43BEB1560364E00F61E6A /* CommonViewController.m in Sources */ = {isa = PBXBuildFile; fileRef = 04B43BDA1560364E00F61E6A /* CommonViewController.m */; };
		04B43BEC1560364E00F61E6A /* ImageViewController.m in Sources */ = {isa = PBXBuildFile; fileRef = 04B43BDD1560364E00F61E6A /* ImageViewController.m */; };
		04B43BED1560364E00F61E6A /* ImageViewController.xib in Resources */ = {isa = PBXBuildFile; fileRef = 04B43BDE1560364E00F61E6A /* ImageViewController.xib */; };
		04B43BEE1560364E00F61E6A /* MyDiaryViewController.m in Sources */ = {isa = PBXBuildFile; fileRef = 04B43BE11560364E00F61E6A /* MyDiaryViewController.m */; };
		04B43BEF1560364E00F61E6A /* MyDiaryViewController.xib in Resources */ = {isa = PBXBuildFile; fileRef = 04B43BE21560364E00F61E6A /* MyDiaryViewController.xib */; };
		04B43BF01560364E00F61E6A /* ProfileViewController.m in Sources */ = {isa = PBXBuildFile; fileRef = 04B43BE51560364E00F61E6A /* ProfileViewController.m */; };
		04B43BF11560364E00F61E6A /* ProfileViewController.xib in Resources */ = {isa = PBXBuildFile; fileRef = 04B43BE61560364E00F61E6A /* ProfileViewController.xib */; };
		04B43BF71560364E00F61E6A /* tab-item-explorer.png in Resources */ = {isa = PBXBuildFile; fileRef = 04B43BF21560364E00F61E6A /* tab-item-explorer.png */; };
		04B43BF81560364E00F61E6A /* tab-item-following.png in Resources */ = {isa = PBXBuildFile; fileRef = 04B43BF31560364E00F61E6A /* tab-item-following.png */; };
		04B43BF91560364E00F61E6A /* tab-item-image.png in Resources */ = {isa = PBXBuildFile; fileRef = 04B43BF41560364E00F61E6A /* tab-item-image.png */; };
		04B43BFA1560364E00F61E6A /* tab-item-mydiary.png in Resources */ = {isa = PBXBuildFile; fileRef = 04B43BF51560364E00F61E6A /* tab-item-mydiary.png */; };
		04B43BFB1560364E00F61E6A /* tab-item-profile.png in Resources */ = {isa = PBXBuildFile; fileRef = 04B43BF61560364E00F61E6A /* tab-item-profile.png */; };
		04B43C181560364E00F61E6A /* nav-bar-background.png in Resources */ = {isa = PBXBuildFile; fileRef = 04B43C171560364E00F61E6A /* nav-bar-background.png */; };
		04B43C1C1560364E00F61E6A /* UINavigationBar+CustomBackground.m in Sources */ = {isa = PBXBuildFile; fileRef = 04B43C1B1560364E00F61E6A /* UINavigationBar+CustomBackground.m */; };
		04B43C231560364E00F61E6A /* default-background.png in Resources */ = {isa = PBXBuildFile; fileRef = 04B43C221560364E00F61E6A /* default-background.png */; };
		04B43C251560364E00F61E6A /* btn-background.png in Resources */ = {isa = PBXBuildFile; fileRef = 04B43C241560364E00F61E6A /* btn-background.png */; };
		04B43C291560364E00F61E6A /* JoinViewController.m in Sources */ = {isa = PBXBuildFile; fileRef = 04B43C271560364E00F61E6A /* JoinViewController.m */; };
		04B43C2A1560364E00F61E6A /* JoinViewController.xib in Resources */ = {isa = PBXBuildFile; fileRef = 04B43C281560364E00F61E6A /* JoinViewController.xib */; };
		04B43C2E1560364E00F61E6A /* LoginViewController.m in Sources */ = {isa = PBXBuildFile; fileRef = 04B43C2C1560364E00F61E6A /* LoginViewController.m */; };
		04B43C2F1560364E00F61E6A /* LoginViewController.xib in Resources */ = {isa = PBXBuildFile; fileRef = 04B43C2D1560364E00F61E6A /* LoginViewController.xib */; };
		04DFAC5D155E40A300AE9FFD /* UIKit.framework in Frameworks */ = {isa = PBXBuildFile; fileRef = 04DFAC5C155E40A300AE9FFD /* UIKit.framework */; };
		04DFAC5F155E40A300AE9FFD /* Foundation.framework in Frameworks */ = {isa = PBXBuildFile; fileRef = 04DFAC5E155E40A300AE9FFD /* Foundation.framework */; };
		04DFAC61155E40A300AE9FFD /* CoreGraphics.framework in Frameworks */ = {isa = PBXBuildFile; fileRef = 04DFAC60155E40A300AE9FFD /* CoreGraphics.framework */; };
		04DFAC67155E40A300AE9FFD /* InfoPlist.strings in Resources */ = {isa = PBXBuildFile; fileRef = 04DFAC65155E40A300AE9FFD /* InfoPlist.strings */; };
		04DFAC69155E40A300AE9FFD /* main.m in Sources */ = {isa = PBXBuildFile; fileRef = 04DFAC68155E40A300AE9FFD /* main.m */; };
		04DFAC6D155E40A300AE9FFD /* AppDelegate.m in Sources */ = {isa = PBXBuildFile; fileRef = 04DFAC6C155E40A300AE9FFD /* AppDelegate.m */; };
		6AC7108C15610EB700DFE074 /* NetworkManager.m in Sources */ = {isa = PBXBuildFile; fileRef = 6AC7107F15610EB700DFE074 /* NetworkManager.m */; };
		6AC7108D15610EB700DFE074 /* Reachability.m in Sources */ = {isa = PBXBuildFile; fileRef = 6AC7108115610EB700DFE074 /* Reachability.m */; };
		6AC7108E15610EB700DFE074 /* RemoteObject.m in Sources */ = {isa = PBXBuildFile; fileRef = 6AC7108315610EB700DFE074 /* RemoteObject.m */; };
		6AC7108F15610EB700DFE074 /* RequestError.m in Sources */ = {isa = PBXBuildFile; fileRef = 6AC7108515610EB700DFE074 /* RequestError.m */; };
		6AC7109015610EB700DFE074 /* RequestManager.m in Sources */ = {isa = PBXBuildFile; fileRef = 6AC7108715610EB700DFE074 /* RequestManager.m */; };
		6AC7109115610EB700DFE074 /* RequestResult.m in Sources */ = {isa = PBXBuildFile; fileRef = 6AC7108915610EB700DFE074 /* RequestResult.m */; };
		6AC7109215610EB700DFE074 /* ServerRequest.m in Sources */ = {isa = PBXBuildFile; fileRef = 6AC7108B15610EB700DFE074 /* ServerRequest.m */; };
		6AC7109A15610ECE00DFE074 /* PermListRequest.m in Sources */ = {isa = PBXBuildFile; fileRef = 6AC7109515610ECE00DFE074 /* PermListRequest.m */; };
		6AC7109B15610ECE00DFE074 /* WSError.m in Sources */ = {isa = PBXBuildFile; fileRef = 6AC7109715610ECE00DFE074 /* WSError.m */; };
		6AC7109C15610ECE00DFE074 /* WSPerm.m in Sources */ = {isa = PBXBuildFile; fileRef = 6AC7109915610ECE00DFE074 /* WSPerm.m */; };
		6AC710A315610F4200DFE074 /* TBXML.m in Sources */ = {isa = PBXBuildFile; fileRef = 6AC7109E15610F4200DFE074 /* TBXML.m */; };
		6AC710A415610F4200DFE074 /* TBXML+Compression.m in Sources */ = {isa = PBXBuildFile; fileRef = 6AC710A015610F4200DFE074 /* TBXML+Compression.m */; };
		6AC710A515610F4200DFE074 /* TBXML+HTTP.m in Sources */ = {isa = PBXBuildFile; fileRef = 6AC710A215610F4200DFE074 /* TBXML+HTTP.m */; };
		6AC710B01561102200DFE074 /* PermTableViewCell.m in Sources */ = {isa = PBXBuildFile; fileRef = 6AC710AB1561102200DFE074 /* PermTableViewCell.m */; };
		6AC710B11561102200DFE074 /* PermView.m in Sources */ = {isa = PBXBuildFile; fileRef = 6AC710AD1561102200DFE074 /* PermView.m */; };
		6AC710CD1561159100DFE074 /* Facebook.m in Sources */ = {isa = PBXBuildFile; fileRef = 6AC710BC1561159100DFE074 /* Facebook.m */; };
		6AC710CE1561159100DFE074 /* FBDialog.bundle in Resources */ = {isa = PBXBuildFile; fileRef = 6AC710BE1561159100DFE074 /* FBDialog.bundle */; };
		6AC710CF1561159100DFE074 /* FBDialog.m in Sources */ = {isa = PBXBuildFile; fileRef = 6AC710C01561159100DFE074 /* FBDialog.m */; };
		6AC710D01561159100DFE074 /* FBFeedPost.m in Sources */ = {isa = PBXBuildFile; fileRef = 6AC710C21561159100DFE074 /* FBFeedPost.m */; };
		6AC710D11561159100DFE074 /* FBImageView.m in Sources */ = {isa = PBXBuildFile; fileRef = 6AC710C41561159100DFE074 /* FBImageView.m */; };
		6AC710D21561159100DFE074 /* FBLoginDialog.m in Sources */ = {isa = PBXBuildFile; fileRef = 6AC710C61561159100DFE074 /* FBLoginDialog.m */; };
		6AC710D31561159100DFE074 /* FBRequest.m in Sources */ = {isa = PBXBuildFile; fileRef = 6AC710C81561159100DFE074 /* FBRequest.m */; };
		6AC710D41561159100DFE074 /* FBRequestWrapper.m in Sources */ = {isa = PBXBuildFile; fileRef = 6AC710CA1561159100DFE074 /* FBRequestWrapper.m */; };
		6AC710D51561159100DFE074 /* NSString+HTML.m in Sources */ = {isa = PBXBuildFile; fileRef = 6AC710CC1561159100DFE074 /* NSString+HTML.m */; };
		6AC710DB156115F600DFE074 /* CHANGELOG.md in Resources */ = {isa = PBXBuildFile; fileRef = 6AC710D7156115F600DFE074 /* CHANGELOG.md */; };
		6AC710DC156115F600DFE074 /* JSONKit.m in Sources */ = {isa = PBXBuildFile; fileRef = 6AC710D9156115F600DFE074 /* JSONKit.m */; };
		6AC710DD156115F600DFE074 /* README.md in Resources */ = {isa = PBXBuildFile; fileRef = 6AC710DA156115F600DFE074 /* README.md */; };
/* End PBXBuildFile section */

/* Begin PBXFileReference section */
		04AA8E6115600B8800B5E956 /* UserInfoTableViewCell.h */ = {isa = PBXFileReference; fileEncoding = 4; lastKnownFileType = sourcecode.c.h; path = UserInfoTableViewCell.h; sourceTree = "<group>"; };
		04AA8E6215600B8800B5E956 /* UserInfoTableViewCell.m */ = {isa = PBXFileReference; fileEncoding = 4; lastKnownFileType = sourcecode.c.objc; path = UserInfoTableViewCell.m; sourceTree = "<group>"; };
		04AA8E651560122F00B5E956 /* login-facebook-btn.btn */ = {isa = PBXFileReference; lastKnownFileType = file; name = "login-facebook-btn.btn"; path = "Permping/Resources/Images/login-facebook-btn.btn"; sourceTree = SOURCE_ROOT; };
		04AA8E661560122F00B5E956 /* login-twitter-btn.png */ = {isa = PBXFileReference; lastKnownFileType = image.png; name = "login-twitter-btn.png"; path = "Permping/Resources/Images/login-twitter-btn.png"; sourceTree = SOURCE_ROOT; };
		04AA8E891560336300B5E956 /* libz.dylib */ = {isa = PBXFileReference; lastKnownFileType = "compiled.mach-o.dylib"; name = libz.dylib; path = usr/lib/libz.dylib; sourceTree = SDKROOT; };
		04AA8EEA156049ED00B5E956 /* SystemConfiguration.framework */ = {isa = PBXFileReference; lastKnownFileType = wrapper.framework; name = SystemConfiguration.framework; path = System/Library/Frameworks/SystemConfiguration.framework; sourceTree = SDKROOT; };
		04B43BD11560364E00F61E6A /* ExplorerViewController.h */ = {isa = PBXFileReference; fileEncoding = 4; lastKnownFileType = sourcecode.c.h; path = ExplorerViewController.h; sourceTree = "<group>"; };
		04B43BD21560364E00F61E6A /* ExplorerViewController.m */ = {isa = PBXFileReference; fileEncoding = 4; lastKnownFileType = sourcecode.c.objc; path = ExplorerViewController.m; sourceTree = "<group>"; };
		04B43BD31560364E00F61E6A /* ExplorerViewController.xib */ = {isa = PBXFileReference; fileEncoding = 4; lastKnownFileType = file.xib; path = ExplorerViewController.xib; sourceTree = "<group>"; };
		04B43BD51560364E00F61E6A /* FollowingViewController.h */ = {isa = PBXFileReference; fileEncoding = 4; lastKnownFileType = sourcecode.c.h; path = FollowingViewController.h; sourceTree = "<group>"; };
		04B43BD61560364E00F61E6A /* FollowingViewController.m */ = {isa = PBXFileReference; fileEncoding = 4; lastKnownFileType = sourcecode.c.objc; path = FollowingViewController.m; sourceTree = "<group>"; };
		04B43BD71560364E00F61E6A /* FollowingViewController.xib */ = {isa = PBXFileReference; fileEncoding = 4; lastKnownFileType = file.xib; path = FollowingViewController.xib; sourceTree = "<group>"; };
		04B43BD91560364E00F61E6A /* CommonViewController.h */ = {isa = PBXFileReference; fileEncoding = 4; lastKnownFileType = sourcecode.c.h; path = CommonViewController.h; sourceTree = "<group>"; };
		04B43BDA1560364E00F61E6A /* CommonViewController.m */ = {isa = PBXFileReference; fileEncoding = 4; lastKnownFileType = sourcecode.c.objc; path = CommonViewController.m; sourceTree = "<group>"; };
		04B43BDC1560364E00F61E6A /* ImageViewController.h */ = {isa = PBXFileReference; fileEncoding = 4; lastKnownFileType = sourcecode.c.h; path = ImageViewController.h; sourceTree = "<group>"; };
		04B43BDD1560364E00F61E6A /* ImageViewController.m */ = {isa = PBXFileReference; fileEncoding = 4; lastKnownFileType = sourcecode.c.objc; path = ImageViewController.m; sourceTree = "<group>"; };
		04B43BDE1560364E00F61E6A /* ImageViewController.xib */ = {isa = PBXFileReference; fileEncoding = 4; lastKnownFileType = file.xib; path = ImageViewController.xib; sourceTree = "<group>"; };
		04B43BE01560364E00F61E6A /* MyDiaryViewController.h */ = {isa = PBXFileReference; fileEncoding = 4; lastKnownFileType = sourcecode.c.h; path = MyDiaryViewController.h; sourceTree = "<group>"; };
		04B43BE11560364E00F61E6A /* MyDiaryViewController.m */ = {isa = PBXFileReference; fileEncoding = 4; lastKnownFileType = sourcecode.c.objc; path = MyDiaryViewController.m; sourceTree = "<group>"; };
		04B43BE21560364E00F61E6A /* MyDiaryViewController.xib */ = {isa = PBXFileReference; fileEncoding = 4; lastKnownFileType = file.xib; path = MyDiaryViewController.xib; sourceTree = "<group>"; };
		04B43BE41560364E00F61E6A /* ProfileViewController.h */ = {isa = PBXFileReference; fileEncoding = 4; lastKnownFileType = sourcecode.c.h; path = ProfileViewController.h; sourceTree = "<group>"; };
		04B43BE51560364E00F61E6A /* ProfileViewController.m */ = {isa = PBXFileReference; fileEncoding = 4; lastKnownFileType = sourcecode.c.objc; path = ProfileViewController.m; sourceTree = "<group>"; };
		04B43BE61560364E00F61E6A /* ProfileViewController.xib */ = {isa = PBXFileReference; fileEncoding = 4; lastKnownFileType = file.xib; path = ProfileViewController.xib; sourceTree = "<group>"; };
		04B43BF21560364E00F61E6A /* tab-item-explorer.png */ = {isa = PBXFileReference; lastKnownFileType = image.png; name = "tab-item-explorer.png"; path = "Permping/Resources/Images/tab-item-explorer.png"; sourceTree = SOURCE_ROOT; };
		04B43BF31560364E00F61E6A /* tab-item-following.png */ = {isa = PBXFileReference; lastKnownFileType = image.png; name = "tab-item-following.png"; path = "Permping/Resources/Images/tab-item-following.png"; sourceTree = SOURCE_ROOT; };
		04B43BF41560364E00F61E6A /* tab-item-image.png */ = {isa = PBXFileReference; lastKnownFileType = image.png; name = "tab-item-image.png"; path = "Permping/Resources/Images/tab-item-image.png"; sourceTree = SOURCE_ROOT; };
		04B43BF51560364E00F61E6A /* tab-item-mydiary.png */ = {isa = PBXFileReference; lastKnownFileType = image.png; name = "tab-item-mydiary.png"; path = "Permping/Resources/Images/tab-item-mydiary.png"; sourceTree = SOURCE_ROOT; };
		04B43BF61560364E00F61E6A /* tab-item-profile.png */ = {isa = PBXFileReference; lastKnownFileType = image.png; name = "tab-item-profile.png"; path = "Permping/Resources/Images/tab-item-profile.png"; sourceTree = SOURCE_ROOT; };
		04B43C171560364E00F61E6A /* nav-bar-background.png */ = {isa = PBXFileReference; lastKnownFileType = image.png; name = "nav-bar-background.png"; path = "Permping/Resources/Images/nav-bar-background.png"; sourceTree = SOURCE_ROOT; };
		04B43C1A1560364E00F61E6A /* UINavigationBar+CustomBackground.h */ = {isa = PBXFileReference; fileEncoding = 4; lastKnownFileType = sourcecode.c.h; path = "UINavigationBar+CustomBackground.h"; sourceTree = "<group>"; };
		04B43C1B1560364E00F61E6A /* UINavigationBar+CustomBackground.m */ = {isa = PBXFileReference; fileEncoding = 4; lastKnownFileType = sourcecode.c.objc; path = "UINavigationBar+CustomBackground.m"; sourceTree = "<group>"; };
		04B43C221560364E00F61E6A /* default-background.png */ = {isa = PBXFileReference; lastKnownFileType = image.png; name = "default-background.png"; path = "Permping/Resources/Images/default-background.png"; sourceTree = SOURCE_ROOT; };
		04B43C241560364E00F61E6A /* btn-background.png */ = {isa = PBXFileReference; lastKnownFileType = image.png; name = "btn-background.png"; path = "Permping/Resources/Images/btn-background.png"; sourceTree = SOURCE_ROOT; };
		04B43C261560364E00F61E6A /* JoinViewController.h */ = {isa = PBXFileReference; fileEncoding = 4; lastKnownFileType = sourcecode.c.h; path = JoinViewController.h; sourceTree = "<group>"; };
		04B43C271560364E00F61E6A /* JoinViewController.m */ = {isa = PBXFileReference; fileEncoding = 4; lastKnownFileType = sourcecode.c.objc; path = JoinViewController.m; sourceTree = "<group>"; };
		04B43C281560364E00F61E6A /* JoinViewController.xib */ = {isa = PBXFileReference; fileEncoding = 4; lastKnownFileType = file.xib; path = JoinViewController.xib; sourceTree = "<group>"; };
		04B43C2B1560364E00F61E6A /* LoginViewController.h */ = {isa = PBXFileReference; fileEncoding = 4; lastKnownFileType = sourcecode.c.h; path = LoginViewController.h; sourceTree = "<group>"; };
		04B43C2C1560364E00F61E6A /* LoginViewController.m */ = {isa = PBXFileReference; fileEncoding = 4; lastKnownFileType = sourcecode.c.objc; path = LoginViewController.m; sourceTree = "<group>"; };
		04B43C2D1560364E00F61E6A /* LoginViewController.xib */ = {isa = PBXFileReference; fileEncoding = 4; lastKnownFileType = file.xib; path = LoginViewController.xib; sourceTree = "<group>"; };
		04DFAC58155E40A300AE9FFD /* Permping.app */ = {isa = PBXFileReference; explicitFileType = wrapper.application; includeInIndex = 0; path = Permping.app; sourceTree = BUILT_PRODUCTS_DIR; };
		04DFAC5C155E40A300AE9FFD /* UIKit.framework */ = {isa = PBXFileReference; lastKnownFileType = wrapper.framework; name = UIKit.framework; path = System/Library/Frameworks/UIKit.framework; sourceTree = SDKROOT; };
		04DFAC5E155E40A300AE9FFD /* Foundation.framework */ = {isa = PBXFileReference; lastKnownFileType = wrapper.framework; name = Foundation.framework; path = System/Library/Frameworks/Foundation.framework; sourceTree = SDKROOT; };
		04DFAC60155E40A300AE9FFD /* CoreGraphics.framework */ = {isa = PBXFileReference; lastKnownFileType = wrapper.framework; name = CoreGraphics.framework; path = System/Library/Frameworks/CoreGraphics.framework; sourceTree = SDKROOT; };
		04DFAC64155E40A300AE9FFD /* Permping-Info.plist */ = {isa = PBXFileReference; lastKnownFileType = text.plist.xml; path = "Permping-Info.plist"; sourceTree = "<group>"; };
		04DFAC66155E40A300AE9FFD /* en */ = {isa = PBXFileReference; lastKnownFileType = text.plist.strings; name = en; path = en.lproj/InfoPlist.strings; sourceTree = "<group>"; };
		04DFAC68155E40A300AE9FFD /* main.m */ = {isa = PBXFileReference; lastKnownFileType = sourcecode.c.objc; path = main.m; sourceTree = "<group>"; };
		04DFAC6A155E40A300AE9FFD /* Permping-Prefix.pch */ = {isa = PBXFileReference; lastKnownFileType = sourcecode.c.h; path = "Permping-Prefix.pch"; sourceTree = "<group>"; };
		04DFAC6B155E40A300AE9FFD /* AppDelegate.h */ = {isa = PBXFileReference; lastKnownFileType = sourcecode.c.h; path = AppDelegate.h; sourceTree = "<group>"; };
		04DFAC6C155E40A300AE9FFD /* AppDelegate.m */ = {isa = PBXFileReference; lastKnownFileType = sourcecode.c.objc; path = AppDelegate.m; sourceTree = "<group>"; };
		6AC7107E15610EB700DFE074 /* NetworkManager.h */ = {isa = PBXFileReference; fileEncoding = 4; lastKnownFileType = sourcecode.c.h; name = NetworkManager.h; path = Permping/API/NetworkManager.h; sourceTree = SOURCE_ROOT; };
		6AC7107F15610EB700DFE074 /* NetworkManager.m */ = {isa = PBXFileReference; fileEncoding = 4; lastKnownFileType = sourcecode.c.objc; name = NetworkManager.m; path = Permping/API/NetworkManager.m; sourceTree = SOURCE_ROOT; };
		6AC7108015610EB700DFE074 /* Reachability.h */ = {isa = PBXFileReference; fileEncoding = 4; lastKnownFileType = sourcecode.c.h; name = Reachability.h; path = Permping/API/Reachability.h; sourceTree = SOURCE_ROOT; };
		6AC7108115610EB700DFE074 /* Reachability.m */ = {isa = PBXFileReference; fileEncoding = 4; lastKnownFileType = sourcecode.c.objc; name = Reachability.m; path = Permping/API/Reachability.m; sourceTree = SOURCE_ROOT; };
		6AC7108215610EB700DFE074 /* RemoteObject.h */ = {isa = PBXFileReference; fileEncoding = 4; lastKnownFileType = sourcecode.c.h; name = RemoteObject.h; path = Permping/API/RemoteObject.h; sourceTree = SOURCE_ROOT; };
		6AC7108315610EB700DFE074 /* RemoteObject.m */ = {isa = PBXFileReference; fileEncoding = 4; lastKnownFileType = sourcecode.c.objc; name = RemoteObject.m; path = Permping/API/RemoteObject.m; sourceTree = SOURCE_ROOT; };
		6AC7108415610EB700DFE074 /* RequestError.h */ = {isa = PBXFileReference; fileEncoding = 4; lastKnownFileType = sourcecode.c.h; name = RequestError.h; path = Permping/API/RequestError.h; sourceTree = SOURCE_ROOT; };
		6AC7108515610EB700DFE074 /* RequestError.m */ = {isa = PBXFileReference; fileEncoding = 4; lastKnownFileType = sourcecode.c.objc; name = RequestError.m; path = Permping/API/RequestError.m; sourceTree = SOURCE_ROOT; };
		6AC7108615610EB700DFE074 /* RequestManager.h */ = {isa = PBXFileReference; fileEncoding = 4; lastKnownFileType = sourcecode.c.h; name = RequestManager.h; path = Permping/API/RequestManager.h; sourceTree = SOURCE_ROOT; };
		6AC7108715610EB700DFE074 /* RequestManager.m */ = {isa = PBXFileReference; fileEncoding = 4; lastKnownFileType = sourcecode.c.objc; name = RequestManager.m; path = Permping/API/RequestManager.m; sourceTree = SOURCE_ROOT; };
		6AC7108815610EB700DFE074 /* RequestResult.h */ = {isa = PBXFileReference; fileEncoding = 4; lastKnownFileType = sourcecode.c.h; name = RequestResult.h; path = Permping/API/RequestResult.h; sourceTree = SOURCE_ROOT; };
		6AC7108915610EB700DFE074 /* RequestResult.m */ = {isa = PBXFileReference; fileEncoding = 4; lastKnownFileType = sourcecode.c.objc; name = RequestResult.m; path = Permping/API/RequestResult.m; sourceTree = SOURCE_ROOT; };
		6AC7108A15610EB700DFE074 /* ServerRequest.h */ = {isa = PBXFileReference; fileEncoding = 4; lastKnownFileType = sourcecode.c.h; name = ServerRequest.h; path = Permping/API/ServerRequest.h; sourceTree = SOURCE_ROOT; };
		6AC7108B15610EB700DFE074 /* ServerRequest.m */ = {isa = PBXFileReference; fileEncoding = 4; lastKnownFileType = sourcecode.c.objc; name = ServerRequest.m; path = Permping/API/ServerRequest.m; sourceTree = SOURCE_ROOT; };
		6AC7109415610ECE00DFE074 /* PermListRequest.h */ = {isa = PBXFileReference; fileEncoding = 4; lastKnownFileType = sourcecode.c.h; name = PermListRequest.h; path = Permping/API/Webservices/PermListRequest.h; sourceTree = SOURCE_ROOT; };
		6AC7109515610ECE00DFE074 /* PermListRequest.m */ = {isa = PBXFileReference; fileEncoding = 4; lastKnownFileType = sourcecode.c.objc; name = PermListRequest.m; path = Permping/API/Webservices/PermListRequest.m; sourceTree = SOURCE_ROOT; };
		6AC7109615610ECE00DFE074 /* WSError.h */ = {isa = PBXFileReference; fileEncoding = 4; lastKnownFileType = sourcecode.c.h; name = WSError.h; path = Permping/API/Webservices/WSError.h; sourceTree = SOURCE_ROOT; };
		6AC7109715610ECE00DFE074 /* WSError.m */ = {isa = PBXFileReference; fileEncoding = 4; lastKnownFileType = sourcecode.c.objc; name = WSError.m; path = Permping/API/Webservices/WSError.m; sourceTree = SOURCE_ROOT; };
		6AC7109815610ECE00DFE074 /* WSPerm.h */ = {isa = PBXFileReference; fileEncoding = 4; lastKnownFileType = sourcecode.c.h; name = WSPerm.h; path = Permping/API/Webservices/WSPerm.h; sourceTree = SOURCE_ROOT; };
		6AC7109915610ECE00DFE074 /* WSPerm.m */ = {isa = PBXFileReference; fileEncoding = 4; lastKnownFileType = sourcecode.c.objc; name = WSPerm.m; path = Permping/API/Webservices/WSPerm.m; sourceTree = SOURCE_ROOT; };
		6AC7109D15610F4200DFE074 /* TBXML.h */ = {isa = PBXFileReference; fileEncoding = 4; lastKnownFileType = sourcecode.c.h; name = TBXML.h; path = Permping/Classes/Libs/TBXML/TBXML.h; sourceTree = SOURCE_ROOT; };
		6AC7109E15610F4200DFE074 /* TBXML.m */ = {isa = PBXFileReference; fileEncoding = 4; lastKnownFileType = sourcecode.c.objc; name = TBXML.m; path = Permping/Classes/Libs/TBXML/TBXML.m; sourceTree = SOURCE_ROOT; };
		6AC7109F15610F4200DFE074 /* TBXML+Compression.h */ = {isa = PBXFileReference; fileEncoding = 4; lastKnownFileType = sourcecode.c.h; name = "TBXML+Compression.h"; path = "Permping/Classes/Libs/TBXML/TBXML+Compression.h"; sourceTree = SOURCE_ROOT; };
		6AC710A015610F4200DFE074 /* TBXML+Compression.m */ = {isa = PBXFileReference; fileEncoding = 4; lastKnownFileType = sourcecode.c.objc; name = "TBXML+Compression.m"; path = "Permping/Classes/Libs/TBXML/TBXML+Compression.m"; sourceTree = SOURCE_ROOT; };
		6AC710A115610F4200DFE074 /* TBXML+HTTP.h */ = {isa = PBXFileReference; fileEncoding = 4; lastKnownFileType = sourcecode.c.h; name = "TBXML+HTTP.h"; path = "Permping/Classes/Libs/TBXML/TBXML+HTTP.h"; sourceTree = SOURCE_ROOT; };
		6AC710A215610F4200DFE074 /* TBXML+HTTP.m */ = {isa = PBXFileReference; fileEncoding = 4; lastKnownFileType = sourcecode.c.objc; name = "TBXML+HTTP.m"; path = "Permping/Classes/Libs/TBXML/TBXML+HTTP.m"; sourceTree = SOURCE_ROOT; };
		6AC710AA1561102200DFE074 /* PermTableViewCell.h */ = {isa = PBXFileReference; fileEncoding = 4; lastKnownFileType = sourcecode.c.h; path = PermTableViewCell.h; sourceTree = "<group>"; };
		6AC710AB1561102200DFE074 /* PermTableViewCell.m */ = {isa = PBXFileReference; fileEncoding = 4; lastKnownFileType = sourcecode.c.objc; path = PermTableViewCell.m; sourceTree = "<group>"; };
		6AC710AC1561102200DFE074 /* PermView.h */ = {isa = PBXFileReference; fileEncoding = 4; lastKnownFileType = sourcecode.c.h; path = PermView.h; sourceTree = "<group>"; };
		6AC710AD1561102200DFE074 /* PermView.m */ = {isa = PBXFileReference; fileEncoding = 4; lastKnownFileType = sourcecode.c.objc; path = PermView.m; sourceTree = "<group>"; };
		6AC710BB1561159100DFE074 /* Facebook.h */ = {isa = PBXFileReference; fileEncoding = 4; lastKnownFileType = sourcecode.c.h; path = Facebook.h; sourceTree = "<group>"; };
		6AC710BC1561159100DFE074 /* Facebook.m */ = {isa = PBXFileReference; fileEncoding = 4; lastKnownFileType = sourcecode.c.objc; path = Facebook.m; sourceTree = "<group>"; };
		6AC710BD1561159100DFE074 /* FBConnect.h */ = {isa = PBXFileReference; fileEncoding = 4; lastKnownFileType = sourcecode.c.h; path = FBConnect.h; sourceTree = "<group>"; };
		6AC710BE1561159100DFE074 /* FBDialog.bundle */ = {isa = PBXFileReference; lastKnownFileType = "wrapper.plug-in"; path = FBDialog.bundle; sourceTree = "<group>"; };
		6AC710BF1561159100DFE074 /* FBDialog.h */ = {isa = PBXFileReference; fileEncoding = 4; lastKnownFileType = sourcecode.c.h; path = FBDialog.h; sourceTree = "<group>"; };
		6AC710C01561159100DFE074 /* FBDialog.m */ = {isa = PBXFileReference; fileEncoding = 4; lastKnownFileType = sourcecode.c.objc; path = FBDialog.m; sourceTree = "<group>"; };
		6AC710C11561159100DFE074 /* FBFeedPost.h */ = {isa = PBXFileReference; fileEncoding = 4; lastKnownFileType = sourcecode.c.h; path = FBFeedPost.h; sourceTree = "<group>"; };
		6AC710C21561159100DFE074 /* FBFeedPost.m */ = {isa = PBXFileReference; fileEncoding = 4; lastKnownFileType = sourcecode.c.objc; path = FBFeedPost.m; sourceTree = "<group>"; };
		6AC710C31561159100DFE074 /* FBImageView.h */ = {isa = PBXFileReference; fileEncoding = 4; lastKnownFileType = sourcecode.c.h; path = FBImageView.h; sourceTree = "<group>"; };
		6AC710C41561159100DFE074 /* FBImageView.m */ = {isa = PBXFileReference; fileEncoding = 4; lastKnownFileType = sourcecode.c.objc; path = FBImageView.m; sourceTree = "<group>"; };
		6AC710C51561159100DFE074 /* FBLoginDialog.h */ = {isa = PBXFileReference; fileEncoding = 4; lastKnownFileType = sourcecode.c.h; path = FBLoginDialog.h; sourceTree = "<group>"; };
		6AC710C61561159100DFE074 /* FBLoginDialog.m */ = {isa = PBXFileReference; fileEncoding = 4; lastKnownFileType = sourcecode.c.objc; path = FBLoginDialog.m; sourceTree = "<group>"; };
		6AC710C71561159100DFE074 /* FBRequest.h */ = {isa = PBXFileReference; fileEncoding = 4; lastKnownFileType = sourcecode.c.h; path = FBRequest.h; sourceTree = "<group>"; };
		6AC710C81561159100DFE074 /* FBRequest.m */ = {isa = PBXFileReference; fileEncoding = 4; lastKnownFileType = sourcecode.c.objc; path = FBRequest.m; sourceTree = "<group>"; };
		6AC710C91561159100DFE074 /* FBRequestWrapper.h */ = {isa = PBXFileReference; fileEncoding = 4; lastKnownFileType = sourcecode.c.h; path = FBRequestWrapper.h; sourceTree = "<group>"; };
		6AC710CA1561159100DFE074 /* FBRequestWrapper.m */ = {isa = PBXFileReference; fileEncoding = 4; lastKnownFileType = sourcecode.c.objc; path = FBRequestWrapper.m; sourceTree = "<group>"; };
		6AC710CB1561159100DFE074 /* NSString+HTML.h */ = {isa = PBXFileReference; fileEncoding = 4; lastKnownFileType = sourcecode.c.h; path = "NSString+HTML.h"; sourceTree = "<group>"; };
		6AC710CC1561159100DFE074 /* NSString+HTML.m */ = {isa = PBXFileReference; fileEncoding = 4; lastKnownFileType = sourcecode.c.objc; path = "NSString+HTML.m"; sourceTree = "<group>"; };
		6AC710D7156115F600DFE074 /* CHANGELOG.md */ = {isa = PBXFileReference; fileEncoding = 4; lastKnownFileType = text; path = CHANGELOG.md; sourceTree = "<group>"; };
		6AC710D8156115F600DFE074 /* JSONKit.h */ = {isa = PBXFileReference; fileEncoding = 4; lastKnownFileType = sourcecode.c.h; path = JSONKit.h; sourceTree = "<group>"; };
		6AC710D9156115F600DFE074 /* JSONKit.m */ = {isa = PBXFileReference; fileEncoding = 4; lastKnownFileType = sourcecode.c.objc; path = JSONKit.m; sourceTree = "<group>"; };
		6AC710DA156115F600DFE074 /* README.md */ = {isa = PBXFileReference; fileEncoding = 4; lastKnownFileType = text; path = README.md; sourceTree = "<group>"; };
/* End PBXFileReference section */

/* Begin PBXFrameworksBuildPhase section */
		04DFAC55155E40A300AE9FFD /* Frameworks */ = {
			isa = PBXFrameworksBuildPhase;
			buildActionMask = 2147483647;
			files = (
				04AA8EEB156049ED00B5E956 /* SystemConfiguration.framework in Frameworks */,
				04AA8E8A1560336300B5E956 /* libz.dylib in Frameworks */,
				04DFAC5D155E40A300AE9FFD /* UIKit.framework in Frameworks */,
				04DFAC5F155E40A300AE9FFD /* Foundation.framework in Frameworks */,
				04DFAC61155E40A300AE9FFD /* CoreGraphics.framework in Frameworks */,
			);
			runOnlyForDeploymentPostprocessing = 0;
		};
/* End PBXFrameworksBuildPhase section */

/* Begin PBXGroup section */
		04AA8E7F1560329C00B5E956 /* TBXML */ = {
			isa = PBXGroup;
			children = (
				6AC7109D15610F4200DFE074 /* TBXML.h */,
				6AC7109E15610F4200DFE074 /* TBXML.m */,
				6AC7109F15610F4200DFE074 /* TBXML+Compression.h */,
				6AC710A015610F4200DFE074 /* TBXML+Compression.m */,
				6AC710A115610F4200DFE074 /* TBXML+HTTP.h */,
				6AC710A215610F4200DFE074 /* TBXML+HTTP.m */,
			);
			name = TBXML;
			path = ../../../../../../../../../../Users/MAC/Projects/Group/Permping/Source/ios/Permping/Classes/Libs/TBXML;
			sourceTree = "<group>";
		};
		04AA8EC715603BE100B5E956 /* API */ = {
			isa = PBXGroup;
			children = (
				04AA8ECB15603C0900B5E956 /* Webservices */,
				6AC7107E15610EB700DFE074 /* NetworkManager.h */,
				6AC7107F15610EB700DFE074 /* NetworkManager.m */,
				6AC7108015610EB700DFE074 /* Reachability.h */,
				6AC7108115610EB700DFE074 /* Reachability.m */,
				6AC7108215610EB700DFE074 /* RemoteObject.h */,
				6AC7108315610EB700DFE074 /* RemoteObject.m */,
				6AC7108415610EB700DFE074 /* RequestError.h */,
				6AC7108515610EB700DFE074 /* RequestError.m */,
				6AC7108615610EB700DFE074 /* RequestManager.h */,
				6AC7108715610EB700DFE074 /* RequestManager.m */,
				6AC7108815610EB700DFE074 /* RequestResult.h */,
				6AC7108915610EB700DFE074 /* RequestResult.m */,
				6AC7108A15610EB700DFE074 /* ServerRequest.h */,
				6AC7108B15610EB700DFE074 /* ServerRequest.m */,
			);
			name = API;
			path = ../../../../../../../../Users/MAC/Projects/Group/Permping/Source/ios/Permping/API;
			sourceTree = "<group>";
		};
		04AA8ECB15603C0900B5E956 /* Webservices */ = {
			isa = PBXGroup;
			children = (
				6AC7109415610ECE00DFE074 /* PermListRequest.h */,
				6AC7109515610ECE00DFE074 /* PermListRequest.m */,
				6AC7109615610ECE00DFE074 /* WSError.h */,
				6AC7109715610ECE00DFE074 /* WSError.m */,
				6AC7109815610ECE00DFE074 /* WSPerm.h */,
				6AC7109915610ECE00DFE074 /* WSPerm.m */,
			);
			path = Webservices;
			sourceTree = "<group>";
		};
		04B43BD01560364E00F61E6A /* Explorer */ = {
			isa = PBXGroup;
			children = (
				04B43BD11560364E00F61E6A /* ExplorerViewController.h */,
				04B43BD21560364E00F61E6A /* ExplorerViewController.m */,
				04B43BD31560364E00F61E6A /* ExplorerViewController.xib */,
			);
			name = Explorer;
			path = Permping/Classes/Explorer;
			sourceTree = SOURCE_ROOT;
		};
		04B43BD41560364E00F61E6A /* Following */ = {
			isa = PBXGroup;
			children = (
				04B43BD51560364E00F61E6A /* FollowingViewController.h */,
				04B43BD61560364E00F61E6A /* FollowingViewController.m */,
				04B43BD71560364E00F61E6A /* FollowingViewController.xib */,
				04B43C261560364E00F61E6A /* JoinViewController.h */,
				04B43C271560364E00F61E6A /* JoinViewController.m */,
				04B43C281560364E00F61E6A /* JoinViewController.xib */,
				04B43C2B1560364E00F61E6A /* LoginViewController.h */,
				04B43C2C1560364E00F61E6A /* LoginViewController.m */,
				04B43C2D1560364E00F61E6A /* LoginViewController.xib */,
				04AA8E6115600B8800B5E956 /* UserInfoTableViewCell.h */,
				04AA8E6215600B8800B5E956 /* UserInfoTableViewCell.m */,
				6AC710AA1561102200DFE074 /* PermTableViewCell.h */,
				6AC710AB1561102200DFE074 /* PermTableViewCell.m */,
				6AC710AC1561102200DFE074 /* PermView.h */,
				6AC710AD1561102200DFE074 /* PermView.m */,
			);
			name = Following;
			path = Permping/Classes/Following;
			sourceTree = SOURCE_ROOT;
		};
		04B43BD81560364E00F61E6A /* Global */ = {
			isa = PBXGroup;
			children = (
				04B43BD91560364E00F61E6A /* CommonViewController.h */,
				04B43BDA1560364E00F61E6A /* CommonViewController.m */,
				04B43C1A1560364E00F61E6A /* UINavigationBar+CustomBackground.h */,
				04B43C1B1560364E00F61E6A /* UINavigationBar+CustomBackground.m */,
			);
			name = Global;
			path = Permping/Classes/Global;
			sourceTree = SOURCE_ROOT;
		};
		04B43BDB1560364E00F61E6A /* Image */ = {
			isa = PBXGroup;
			children = (
				04B43BDC1560364E00F61E6A /* ImageViewController.h */,
				04B43BDD1560364E00F61E6A /* ImageViewController.m */,
				04B43BDE1560364E00F61E6A /* ImageViewController.xib */,
			);
			name = Image;
			path = Permping/Classes/Image;
			sourceTree = SOURCE_ROOT;
		};
		04B43BDF1560364E00F61E6A /* MyDiary */ = {
			isa = PBXGroup;
			children = (
				04B43BE01560364E00F61E6A /* MyDiaryViewController.h */,
				04B43BE11560364E00F61E6A /* MyDiaryViewController.m */,
				04B43BE21560364E00F61E6A /* MyDiaryViewController.xib */,
			);
			name = MyDiary;
			path = Permping/Classes/MyDiary;
			sourceTree = SOURCE_ROOT;
		};
		04B43BE31560364E00F61E6A /* Profile */ = {
			isa = PBXGroup;
			children = (
				04B43BE41560364E00F61E6A /* ProfileViewController.h */,
				04B43BE51560364E00F61E6A /* ProfileViewController.m */,
				04B43BE61560364E00F61E6A /* ProfileViewController.xib */,
			);
			name = Profile;
			path = Permping/Classes/Profile;
			sourceTree = SOURCE_ROOT;
		};
		04B43C001560364E00F61E6A /* Libs */ = {
			isa = PBXGroup;
			children = (
				04AA8E7F1560329C00B5E956 /* TBXML */,
				04B43C011560364E00F61E6A /* facebook-ios-sdk */,
			);
			name = Libs;
			path = Permping/Classes/Libs;
			sourceTree = SOURCE_ROOT;
		};
		04B43C011560364E00F61E6A /* facebook-ios-sdk */ = {
			isa = PBXGroup;
			children = (
				6AC710D6156115F600DFE074 /* JSONKit */,
				6AC710BB1561159100DFE074 /* Facebook.h */,
				6AC710BC1561159100DFE074 /* Facebook.m */,
				6AC710BD1561159100DFE074 /* FBConnect.h */,
				6AC710BE1561159100DFE074 /* FBDialog.bundle */,
				6AC710BF1561159100DFE074 /* FBDialog.h */,
				6AC710C01561159100DFE074 /* FBDialog.m */,
				6AC710C11561159100DFE074 /* FBFeedPost.h */,
				6AC710C21561159100DFE074 /* FBFeedPost.m */,
				6AC710C31561159100DFE074 /* FBImageView.h */,
				6AC710C41561159100DFE074 /* FBImageView.m */,
				6AC710C51561159100DFE074 /* FBLoginDialog.h */,
				6AC710C61561159100DFE074 /* FBLoginDialog.m */,
				6AC710C71561159100DFE074 /* FBRequest.h */,
				6AC710C81561159100DFE074 /* FBRequest.m */,
				6AC710C91561159100DFE074 /* FBRequestWrapper.h */,
				6AC710CA1561159100DFE074 /* FBRequestWrapper.m */,
				6AC710CB1561159100DFE074 /* NSString+HTML.h */,
				6AC710CC1561159100DFE074 /* NSString+HTML.m */,
			);
			path = "facebook-ios-sdk";
			sourceTree = "<group>";
		};
		04DFAC4D155E40A300AE9FFD = {
			isa = PBXGroup;
			children = (
				04DFAC62155E40A300AE9FFD /* Permping */,
				04DFAC92155E446D00AE9FFD /* Resources */,
				04DFAC5B155E40A300AE9FFD /* Frameworks */,
				04DFAC59155E40A300AE9FFD /* Products */,
			);
			sourceTree = "<group>";
		};
		04DFAC59155E40A300AE9FFD /* Products */ = {
			isa = PBXGroup;
			children = (
				04DFAC58155E40A300AE9FFD /* Permping.app */,
			);
			name = Products;
			sourceTree = "<group>";
		};
		04DFAC5B155E40A300AE9FFD /* Frameworks */ = {
			isa = PBXGroup;
			children = (
				04AA8E891560336300B5E956 /* libz.dylib */,
				04AA8EEA156049ED00B5E956 /* SystemConfiguration.framework */,
				04DFAC5C155E40A300AE9FFD /* UIKit.framework */,
				04DFAC5E155E40A300AE9FFD /* Foundation.framework */,
				04DFAC60155E40A300AE9FFD /* CoreGraphics.framework */,
			);
			name = Frameworks;
			sourceTree = "<group>";
		};
		04DFAC62155E40A300AE9FFD /* Permping */ = {
			isa = PBXGroup;
			children = (
				04AA8EC715603BE100B5E956 /* API */,
				04DFAC8C155E445E00AE9FFD /* Classes */,
				04DFAC6B155E40A300AE9FFD /* AppDelegate.h */,
				04DFAC6C155E40A300AE9FFD /* AppDelegate.m */,
				04DFAC63155E40A300AE9FFD /* Supporting Files */,
			);
			path = Permping;
			sourceTree = "<group>";
		};
		04DFAC63155E40A300AE9FFD /* Supporting Files */ = {
			isa = PBXGroup;
			children = (
				04DFAC64155E40A300AE9FFD /* Permping-Info.plist */,
				04DFAC65155E40A300AE9FFD /* InfoPlist.strings */,
				04DFAC68155E40A300AE9FFD /* main.m */,
				04DFAC6A155E40A300AE9FFD /* Permping-Prefix.pch */,
			);
			name = "Supporting Files";
			sourceTree = "<group>";
		};
		04DFAC8C155E445E00AE9FFD /* Classes */ = {
			isa = PBXGroup;
			children = (
				04B43C001560364E00F61E6A /* Libs */,
				04B43BD01560364E00F61E6A /* Explorer */,
				04B43BD41560364E00F61E6A /* Following */,
				04B43BD81560364E00F61E6A /* Global */,
				04B43BDB1560364E00F61E6A /* Image */,
				04B43BDF1560364E00F61E6A /* MyDiary */,
				04B43BE31560364E00F61E6A /* Profile */,
			);
			name = Classes;
			path = ../../../../../../../Users/MAC/Projects/Group/Permping/Source/Permping/Classes;
			sourceTree = "<group>";
		};
		04DFAC92155E446D00AE9FFD /* Resources */ = {
			isa = PBXGroup;
			children = (
				04DFAC93155E446D00AE9FFD /* Images */,
			);
			name = Resources;
			path = ../../../../../../Users/MAC/Projects/Group/Permping/Source/Permping/Resources;
			sourceTree = "<group>";
		};
		04DFAC93155E446D00AE9FFD /* Images */ = {
			isa = PBXGroup;
			children = (
				04AA8E651560122F00B5E956 /* login-facebook-btn.btn */,
				04AA8E661560122F00B5E956 /* login-twitter-btn.png */,
				04B43C241560364E00F61E6A /* btn-background.png */,
				04B43C221560364E00F61E6A /* default-background.png */,
				04B43C171560364E00F61E6A /* nav-bar-background.png */,
				04B43BF21560364E00F61E6A /* tab-item-explorer.png */,
				04B43BF31560364E00F61E6A /* tab-item-following.png */,
				04B43BF41560364E00F61E6A /* tab-item-image.png */,
				04B43BF51560364E00F61E6A /* tab-item-mydiary.png */,
				04B43BF61560364E00F61E6A /* tab-item-profile.png */,
			);
			path = Images;
			sourceTree = "<group>";
		};
		6AC710D6156115F600DFE074 /* JSONKit */ = {
			isa = PBXGroup;
			children = (
				6AC710D7156115F600DFE074 /* CHANGELOG.md */,
				6AC710D8156115F600DFE074 /* JSONKit.h */,
				6AC710D9156115F600DFE074 /* JSONKit.m */,
				6AC710DA156115F600DFE074 /* README.md */,
			);
			path = JSONKit;
			sourceTree = "<group>";
		};
/* End PBXGroup section */

/* Begin PBXNativeTarget section */
		04DFAC57155E40A300AE9FFD /* Permping */ = {
			isa = PBXNativeTarget;
			buildConfigurationList = 04DFAC84155E40A300AE9FFD /* Build configuration list for PBXNativeTarget "Permping" */;
			buildPhases = (
				04DFAC54155E40A300AE9FFD /* Sources */,
				04DFAC55155E40A300AE9FFD /* Frameworks */,
				04DFAC56155E40A300AE9FFD /* Resources */,
			);
			buildRules = (
			);
			dependencies = (
			);
			name = Permping;
			productName = Permping;
			productReference = 04DFAC58155E40A300AE9FFD /* Permping.app */;
			productType = "com.apple.product-type.application";
		};
/* End PBXNativeTarget section */

/* Begin PBXProject section */
		04DFAC4F155E40A300AE9FFD /* Project object */ = {
			isa = PBXProject;
			attributes = {
				LastUpgradeCheck = 0420;
			};
			buildConfigurationList = 04DFAC52155E40A300AE9FFD /* Build configuration list for PBXProject "Permping" */;
			compatibilityVersion = "Xcode 3.2";
			developmentRegion = English;
			hasScannedForEncodings = 0;
			knownRegions = (
				en,
			);
			mainGroup = 04DFAC4D155E40A300AE9FFD;
			productRefGroup = 04DFAC59155E40A300AE9FFD /* Products */;
			projectDirPath = "";
			projectRoot = "";
			targets = (
				04DFAC57155E40A300AE9FFD /* Permping */,
			);
		};
/* End PBXProject section */

/* Begin PBXResourcesBuildPhase section */
		04DFAC56155E40A300AE9FFD /* Resources */ = {
			isa = PBXResourcesBuildPhase;
			buildActionMask = 2147483647;
			files = (
				04DFAC67155E40A300AE9FFD /* InfoPlist.strings in Resources */,
				04B43BE81560364E00F61E6A /* ExplorerViewController.xib in Resources */,
				04B43BEA1560364E00F61E6A /* FollowingViewController.xib in Resources */,
				04B43BED1560364E00F61E6A /* ImageViewController.xib in Resources */,
				04B43BEF1560364E00F61E6A /* MyDiaryViewController.xib in Resources */,
				04B43BF11560364E00F61E6A /* ProfileViewController.xib in Resources */,
				04B43BF71560364E00F61E6A /* tab-item-explorer.png in Resources */,
				04B43BF81560364E00F61E6A /* tab-item-following.png in Resources */,
				04B43BF91560364E00F61E6A /* tab-item-image.png in Resources */,
				04B43BFA1560364E00F61E6A /* tab-item-mydiary.png in Resources */,
				04B43BFB1560364E00F61E6A /* tab-item-profile.png in Resources */,
				04B43C181560364E00F61E6A /* nav-bar-background.png in Resources */,
				04B43C231560364E00F61E6A /* default-background.png in Resources */,
				04B43C251560364E00F61E6A /* btn-background.png in Resources */,
				04B43C2A1560364E00F61E6A /* JoinViewController.xib in Resources */,
				04B43C2F1560364E00F61E6A /* LoginViewController.xib in Resources */,
				04AA8E671560122F00B5E956 /* login-facebook-btn.btn in Resources */,
				04AA8E681560122F00B5E956 /* login-twitter-btn.png in Resources */,
				6AC710CE1561159100DFE074 /* FBDialog.bundle in Resources */,
				6AC710DB156115F600DFE074 /* CHANGELOG.md in Resources */,
				6AC710DD156115F600DFE074 /* README.md in Resources */,
			);
			runOnlyForDeploymentPostprocessing = 0;
		};
/* End PBXResourcesBuildPhase section */

/* Begin PBXSourcesBuildPhase section */
		04DFAC54155E40A300AE9FFD /* Sources */ = {
			isa = PBXSourcesBuildPhase;
			buildActionMask = 2147483647;
			files = (
				04DFAC69155E40A300AE9FFD /* main.m in Sources */,
				04DFAC6D155E40A300AE9FFD /* AppDelegate.m in Sources */,
				04B43BE71560364E00F61E6A /* ExplorerViewController.m in Sources */,
				04B43BE91560364E00F61E6A /* FollowingViewController.m in Sources */,
				04B43BEB1560364E00F61E6A /* CommonViewController.m in Sources */,
				04B43BEC1560364E00F61E6A /* ImageViewController.m in Sources */,
				04B43BEE1560364E00F61E6A /* MyDiaryViewController.m in Sources */,
				04B43BF01560364E00F61E6A /* ProfileViewController.m in Sources */,
				04B43C1C1560364E00F61E6A /* UINavigationBar+CustomBackground.m in Sources */,
				04B43C291560364E00F61E6A /* JoinViewController.m in Sources */,
				04B43C2E1560364E00F61E6A /* LoginViewController.m in Sources */,
				04AA8E6315600B8800B5E956 /* UserInfoTableViewCell.m in Sources */,
				6AC7108C15610EB700DFE074 /* NetworkManager.m in Sources */,
				6AC7108D15610EB700DFE074 /* Reachability.m in Sources */,
				6AC7108E15610EB700DFE074 /* RemoteObject.m in Sources */,
				6AC7108F15610EB700DFE074 /* RequestError.m in Sources */,
				6AC7109015610EB700DFE074 /* RequestManager.m in Sources */,
				6AC7109115610EB700DFE074 /* RequestResult.m in Sources */,
				6AC7109215610EB700DFE074 /* ServerRequest.m in Sources */,
				6AC7109A15610ECE00DFE074 /* PermListRequest.m in Sources */,
				6AC7109B15610ECE00DFE074 /* WSError.m in Sources */,
				6AC7109C15610ECE00DFE074 /* WSPerm.m in Sources */,
				6AC710A315610F4200DFE074 /* TBXML.m in Sources */,
				6AC710A415610F4200DFE074 /* TBXML+Compression.m in Sources */,
				6AC710A515610F4200DFE074 /* TBXML+HTTP.m in Sources */,
				6AC710B01561102200DFE074 /* PermTableViewCell.m in Sources */,
				6AC710B11561102200DFE074 /* PermView.m in Sources */,
				6AC710CD1561159100DFE074 /* Facebook.m in Sources */,
				6AC710CF1561159100DFE074 /* FBDialog.m in Sources */,
				6AC710D01561159100DFE074 /* FBFeedPost.m in Sources */,
				6AC710D11561159100DFE074 /* FBImageView.m in Sources */,
				6AC710D21561159100DFE074 /* FBLoginDialog.m in Sources */,
				6AC710D31561159100DFE074 /* FBRequest.m in Sources */,
				6AC710D41561159100DFE074 /* FBRequestWrapper.m in Sources */,
				6AC710D51561159100DFE074 /* NSString+HTML.m in Sources */,
				6AC710DC156115F600DFE074 /* JSONKit.m in Sources */,
			);
			runOnlyForDeploymentPostprocessing = 0;
		};
/* End PBXSourcesBuildPhase section */

/* Begin PBXVariantGroup section */
		04DFAC65155E40A300AE9FFD /* InfoPlist.strings */ = {
			isa = PBXVariantGroup;
			children = (
				04DFAC66155E40A300AE9FFD /* en */,
			);
			name = InfoPlist.strings;
			sourceTree = "<group>";
		};
/* End PBXVariantGroup section */

/* Begin XCBuildConfiguration section */
		04DFAC82155E40A300AE9FFD /* Debug */ = {
			isa = XCBuildConfiguration;
			buildSettings = {
				ALWAYS_SEARCH_USER_PATHS = NO;
				ARCHS = "$(ARCHS_STANDARD_32_BIT)";
				"CODE_SIGN_IDENTITY[sdk=iphoneos*]" = "iPhone Developer";
				COPY_PHASE_STRIP = NO;
				GCC_C_LANGUAGE_STANDARD = gnu99;
				GCC_DYNAMIC_NO_PIC = NO;
				GCC_OPTIMIZATION_LEVEL = 0;
				GCC_PREPROCESSOR_DEFINITIONS = (
					"DEBUG=1",
					"$(inherited)",
				);
				GCC_SYMBOLS_PRIVATE_EXTERN = NO;
				GCC_VERSION = com.apple.compilers.llvm.clang.1_0;
				GCC_WARN_ABOUT_MISSING_PROTOTYPES = YES;
				GCC_WARN_ABOUT_RETURN_TYPE = YES;
				GCC_WARN_UNUSED_VARIABLE = YES;
				IPHONEOS_DEPLOYMENT_TARGET = 4.3;
				SDKROOT = iphoneos;
			};
			name = Debug;
		};
		04DFAC83155E40A300AE9FFD /* Release */ = {
			isa = XCBuildConfiguration;
			buildSettings = {
				ALWAYS_SEARCH_USER_PATHS = NO;
				ARCHS = "$(ARCHS_STANDARD_32_BIT)";
				"CODE_SIGN_IDENTITY[sdk=iphoneos*]" = "iPhone Developer";
				COPY_PHASE_STRIP = YES;
				GCC_C_LANGUAGE_STANDARD = gnu99;
				GCC_VERSION = com.apple.compilers.llvm.clang.1_0;
				GCC_WARN_ABOUT_MISSING_PROTOTYPES = YES;
				GCC_WARN_ABOUT_RETURN_TYPE = YES;
				GCC_WARN_UNUSED_VARIABLE = YES;
				IPHONEOS_DEPLOYMENT_TARGET = 4.3;
				OTHER_CFLAGS = "-DNS_BLOCK_ASSERTIONS=1";
				SDKROOT = iphoneos;
				VALIDATE_PRODUCT = YES;
			};
			name = Release;
		};
		04DFAC85155E40A300AE9FFD /* Debug */ = {
			isa = XCBuildConfiguration;
			buildSettings = {
				GCC_PRECOMPILE_PREFIX_HEADER = YES;
				GCC_PREFIX_HEADER = "Permping/Permping-Prefix.pch";
				INFOPLIST_FILE = "Permping/Permping-Info.plist";
				IPHONEOS_DEPLOYMENT_TARGET = 4.3;
				LIBRARY_SEARCH_PATHS = (
					"$(inherited)",
					"\"$(SRCROOT)/Permping/Classes/Libs/facebook-ios-sdk\"",
				);
				OTHER_LDFLAGS = "-ObjC";
				PRODUCT_NAME = "$(TARGET_NAME)";
				WRAPPER_EXTENSION = app;
			};
			name = Debug;
		};
		04DFAC86155E40A300AE9FFD /* Release */ = {
			isa = XCBuildConfiguration;
			buildSettings = {
				GCC_PRECOMPILE_PREFIX_HEADER = YES;
				GCC_PREFIX_HEADER = "Permping/Permping-Prefix.pch";
				INFOPLIST_FILE = "Permping/Permping-Info.plist";
				IPHONEOS_DEPLOYMENT_TARGET = 4.3;
				LIBRARY_SEARCH_PATHS = (
					"$(inherited)",
					"\"$(SRCROOT)/Permping/Classes/Libs/facebook-ios-sdk\"",
				);
				OTHER_LDFLAGS = "-ObjC";
				PRODUCT_NAME = "$(TARGET_NAME)";
				WRAPPER_EXTENSION = app;
			};
			name = Release;
		};
/* End XCBuildConfiguration section */

/* Begin XCConfigurationList section */
		04DFAC52155E40A300AE9FFD /* Build configuration list for PBXProject "Permping" */ = {
			isa = XCConfigurationList;
			buildConfigurations = (
				04DFAC82155E40A300AE9FFD /* Debug */,
				04DFAC83155E40A300AE9FFD /* Release */,
			);
			defaultConfigurationIsVisible = 0;
			defaultConfigurationName = Release;
		};
		04DFAC84155E40A300AE9FFD /* Build configuration list for PBXNativeTarget "Permping" */ = {
			isa = XCConfigurationList;
			buildConfigurations = (
				04DFAC85155E40A300AE9FFD /* Debug */,
				04DFAC86155E40A300AE9FFD /* Release */,
			);
			defaultConfigurationIsVisible = 0;
			defaultConfigurationName = Release;
		};
/* End XCConfigurationList section */
	};
	rootObject = 04DFAC4F155E40A300AE9FFD /* Project object */;
}
